
Microsoft Visual Studio Solution File, Format Version 12.00
Project("{2150E333-8FDC-42A3-9474-1A3956D46DE8}") = "src", "src", "{827E0CD3-B72D-47B6-A68D-7590B98EB39B}"
EndProject
Project("{2150E333-8FDC-42A3-9474-1A3956D46DE8}") = "Domain", "Domain", "{8B290487-4C16-E85E-E807-F579CBE9FC4D}"
EndProject
Project("{FAE04EC0-301F-11D3-BF4B-00C04F79EFBC}") = "RadarPulse.Domain", "src\Domain\RadarPulse.Domain.csproj", "{7C39DF93-049B-4800-AEBD-EFEC310BDF4D}"
EndProject
Project("{2150E333-8FDC-42A3-9474-1A3956D46DE8}") = "Application", "Application", "{22BAF98C-8415-17C4-B26A-D537657BC863}"
EndProject
Project("{FAE04EC0-301F-11D3-BF4B-00C04F79EFBC}") = "RadarPulse.Application", "src\Application\RadarPulse.Application.csproj", "{3752968D-AB9C-4AD4-9B40-07EA69828243}"
EndProject
Project("{2150E333-8FDC-42A3-9474-1A3956D46DE8}") = "Infrastructure", "Infrastructure", "{9048EB7F-3875-A59E-E36B-5BD4C6F2A282}"
EndProject
Project("{FAE04EC0-301F-11D3-BF4B-00C04F79EFBC}") = "RadarPulse.Infrastructure", "src\Infrastructure\RadarPulse.Infrastructure.csproj", "{FC5FA290-BBA7-448C-BF58-B54FAA064DF5}"
EndProject
Project("{2150E333-8FDC-42A3-9474-1A3956D46DE8}") = "Presentation", "Presentation", "{6996BBF7-DB31-59BC-C7DD-9A7CCC6138C4}"
EndProject
Project("{FAE04EC0-301F-11D3-BF4B-00C04F79EFBC}") = "RadarPulse.Cli", "src\Presentation\RadarPulse.Cli.csproj", "{425CB386-0CDE-42E4-92E3-F31186E26269}"
EndProject
Project("{2150E333-8FDC-42A3-9474-1A3956D46DE8}") = "tests", "tests", "{0AB3BF05-4346-4AA6-1389-037BE0695223}"
EndProject
Project("{FAE04EC0-301F-11D3-BF4B-00C04F79EFBC}") = "RadarPulse.Tests", "tests\RadarPulse.Tests\RadarPulse.Tests.csproj", "{9B70D9E2-4904-4E6C-A19C-B025D3FF0079}"
EndProject
Project("{2150E333-8FDC-42A3-9474-1A3956D46DE8}") = "Presentation.Http", "Presentation.Http", "{3605FCA0-FD8E-3467-2B0D-4D1A4AFA9E1B}"
EndProject
Project("{FAE04EC0-301F-11D3-BF4B-00C04F79EFBC}") = "RadarPulse.Http", "src\Presentation.Http\RadarPulse.Http.csproj", "{AD4A7DF4-F3D3-4009-8855-AF8657A78B81}"
EndProject
Global
	GlobalSection(SolutionConfigurationPlatforms) = preSolution
		Debug|Any CPU = Debug|Any CPU
		Debug|x64 = Debug|x64
		Debug|x86 = Debug|x86
		Release|Any CPU = Release|Any CPU
		Release|x64 = Release|x64
		Release|x86 = Release|x86
	EndGlobalSection
	GlobalSection(ProjectConfigurationPlatforms) = postSolution
		{7C39DF93-049B-4800-AEBD-EFEC310BDF4D}.Debug|Any CPU.ActiveCfg = Debug|Any CPU
		{7C39DF93-049B-4800-AEBD-EFEC310BDF4D}.Debug|Any CPU.Build.0 = Debug|Any CPU
		{7C39DF93-049B-4800-AEBD-EFEC310BDF4D}.Debug|x64.ActiveCfg = Debug|Any CPU
		{7C39DF93-049B-4800-AEBD-EFEC310BDF4D}.Debug|x64.Build.0 = Debug|Any CPU
		{7C39DF93-049B-4800-AEBD-EFEC310BDF4D}.Debug|x86.ActiveCfg = Debug|Any CPU
		{7C39DF93-049B-4800-AEBD-EFEC310BDF4D}.Debug|x86.Build.0 = Debug|Any CPU
		{7C39DF93-049B-4800-AEBD-EFEC310BDF4D}.Release|Any CPU.ActiveCfg = Release|Any CPU
		{7C39DF93-049B-4800-AEBD-EFEC310BDF4D}.Release|Any CPU.Build.0 = Release|Any CPU
		{7C39DF93-049B-4800-AEBD-EFEC310BDF4D}.Release|x64.ActiveCfg = Release|Any CPU
		{7C39DF93-049B-4800-AEBD-EFEC310BDF4D}.Release|x64.Build.0 = Release|Any CPU
		{7C39DF93-049B-4800-AEBD-EFEC310BDF4D}.Release|x86.ActiveCfg = Release|Any CPU
		{7C39DF93-049B-4800-AEBD-EFEC310BDF4D}.Release|x86.Build.0 = Release|Any CPU
		{3752968D-AB9C-4AD4-9B40-07EA69828243}.Debug|Any CPU.ActiveCfg = Debug|Any CPU
		{3752968D-AB9C-4AD4-9B40-07EA69828243}.Debug|Any CPU.Build.0 = Debug|Any CPU
		{3752968D-AB9C-4AD4-9B40-07EA69828243}.Debug|x64.ActiveCfg = Debug|Any CPU
		{3752968D-AB9C-4AD4-9B40-07EA69828243}.Debug|x64.Build.0 = Debug|Any CPU
		{3752968D-AB9C-4AD4-9B40-07EA69828243}.Debug|x86.ActiveCfg = Debug|Any CPU
		{3752968D-AB9C-4AD4-9B40-07EA69828243}.Debug|x86.Build.0 = Debug|Any CPU
		{3752968D-AB9C-4AD4-9B40-07EA69828243}.Release|Any CPU.ActiveCfg = Release|Any CPU
		{3752968D-AB9C-4AD4-9B40-07EA69828243}.Release|Any CPU.Build.0 = Release|Any CPU
		{3752968D-AB9C-4AD4-9B40-07EA69828243}.Release|x64.ActiveCfg = Release|Any CPU
		{3752968D-AB9C-4AD4-9B40-07EA69828243}.Release|x64.Build.0 = Release|Any CPU
		{3752968D-AB9C-4AD4-9B40-07EA69828243}.Release|x86.ActiveCfg = Release|Any CPU
		{3752968D-AB9C-4AD4-9B40-07EA69828243}.Release|x86.Build.0 = Release|Any CPU
		{FC5FA290-BBA7-448C-BF58-B54FAA064DF5}.Debug|Any CPU.ActiveCfg = Debug|Any CPU
		{FC5FA290-BBA7-448C-BF58-B54FAA064DF5}.Debug|Any CPU.Build.0 = Debug|Any CPU
		{FC5FA290-BBA7-448C-BF58-B54FAA064DF5}.Debug|x64.ActiveCfg = Debug|Any CPU
		{FC5FA290-BBA7-448C-BF58-B54FAA064DF5}.Debug|x64.Build.0 = Debug|Any CPU
		{FC5FA290-BBA7-448C-BF58-B54FAA064DF5}.Debug|x86.ActiveCfg = Debug|Any CPU
		{FC5FA290-BBA7-448C-BF58-B54FAA064DF5}.Debug|x86.Build.0 = Debug|Any CPU
		{FC5FA290-BBA7-448C-BF58-B54FAA064DF5}.Release|Any CPU.ActiveCfg = Release|Any CPU
		{FC5FA290-BBA7-448C-BF58-B54FAA064DF5}.Release|Any CPU.Build.0 = Release|Any CPU
		{FC5FA290-BBA7-448C-BF58-B54FAA064DF5}.Release|x64.ActiveCfg = Release|Any CPU
		{FC5FA290-BBA7-448C-BF58-B54FAA064DF5}.Release|x64.Build.0 = Release|Any CPU
		{FC5FA290-BBA7-448C-BF58-B54FAA064DF5}.Release|x86.ActiveCfg = Release|Any CPU
		{FC5FA290-BBA7-448C-BF58-B54FAA064DF5}.Release|x86.Build.0 = Release|Any CPU
		{425CB386-0CDE-42E4-92E3-F31186E26269}.Debug|Any CPU.ActiveCfg = Debug|Any CPU
		{425CB386-0CDE-42E4-92E3-F31186E26269}.Debug|Any CPU.Build.0 = Debug|Any CPU
		{425CB386-0CDE-42E4-92E3-F31186E26269}.Debug|x64.ActiveCfg = Debug|Any CPU
		{425CB386-0CDE-42E4-92E3-F31186E26269}.Debug|x64.Build.0 = Debug|Any CPU
		{425CB386-0CDE-42E4-92E3-F31186E26269}.Debug|x86.ActiveCfg = Debug|Any CPU
		{425CB386-0CDE-42E4-92E3-F31186E26269}.Debug|x86.Build.0 = Debug|Any CPU
		{425CB386-0CDE-42E4-92E3-F31186E26269}.Release|Any CPU.ActiveCfg = Release|Any CPU
		{425CB386-0CDE-42E4-92E3-F31186E26269}.Release|Any CPU.Build.0 = Release|Any CPU
		{425CB386-0CDE-42E4-92E3-F31186E26269}.Release|x64.ActiveCfg = Release|Any CPU
		{425CB386-0CDE-42E4-92E3-F31186E26269}.Release|x64.Build.0 = Release|Any CPU
		{425CB386-0CDE-42E4-92E3-F31186E26269}.Release|x86.ActiveCfg = Release|Any CPU
		{425CB386-0CDE-42E4-92E3-F31186E26269}.Release|x86.Build.0 = Release|Any CPU
		{9B70D9E2-4904-4E6C-A19C-B025D3FF0079}.Debug|Any CPU.ActiveCfg = Debug|Any CPU
		{9B70D9E2-4904-4E6C-A19C-B025D3FF0079}.Debug|Any CPU.Build.0 = Debug|Any CPU
		{9B70D9E2-4904-4E6C-A19C-B025D3FF0079}.Debug|x64.ActiveCfg = Debug|Any CPU
		{9B70D9E2-4904-4E6C-A19C-B025D3FF0079}.Debug|x64.Build.0 = Debug|Any CPU
		{9B70D9E2-4904-4E6C-A19C-B025D3FF0079}.Debug|x86.ActiveCfg = Debug|Any CPU
		{9B70D9E2-4904-4E6C-A19C-B025D3FF0079}.Debug|x86.Build.0 = Debug|Any CPU
		{9B70D9E2-4904-4E6C-A19C-B025D3FF0079}.Release|Any CPU.ActiveCfg = Release|Any CPU
		{9B70D9E2-4904-4E6C-A19C-B025D3FF0079}.Release|Any CPU.Build.0 = Release|Any CPU
		{9B70D9E2-4904-4E6C-A19C-B025D3FF0079}.Release|x64.ActiveCfg = Release|Any CPU
		{9B70D9E2-4904-4E6C-A19C-B025D3FF0079}.Release|x64.Build.0 = Release|Any CPU
		{9B70D9E2-4904-4E6C-A19C-B025D3FF0079}.Release|x86.ActiveCfg = Release|Any CPU
		{9B70D9E2-4904-4E6C-A19C-B025D3FF0079}.Release|x86.Build.0 = Release|Any CPU
		{AD4A7DF4-F3D3-4009-8855-AF8657A78B81}.Debug|Any CPU.ActiveCfg = Debug|Any CPU
		{AD4A7DF4-F3D3-4009-8855-AF8657A78B81}.Debug|Any CPU.Build.0 = Debug|Any CPU
		{AD4A7DF4-F3D3-4009-8855-AF8657A78B81}.Debug|x64.ActiveCfg = Debug|Any CPU
		{AD4A7DF4-F3D3-4009-8855-AF8657A78B81}.Debug|x64.Build.0 = Debug|Any CPU
		{AD4A7DF4-F3D3-4009-8855-AF8657A78B81}.Debug|x86.ActiveCfg = Debug|Any CPU
		{AD4A7DF4-F3D3-4009-8855-AF8657A78B81}.Debug|x86.Build.0 = Debug|Any CPU
		{AD4A7DF4-F3D3-4009-8855-AF8657A78B81}.Release|Any CPU.ActiveCfg = Release|Any CPU
		{AD4A7DF4-F3D3-4009-8855-AF8657A78B81}.Release|Any CPU.Build.0 = Release|Any CPU
		{AD4A7DF4-F3D3-4009-8855-AF8657A78B81}.Release|x64.ActiveCfg = Release|Any CPU
		{AD4A7DF4-F3D3-4009-8855-AF8657A78B81}.Release|x64.Build.0 = Release|Any CPU
		{AD4A7DF4-F3D3-4009-8855-AF8657A78B81}.Release|x86.ActiveCfg = Release|Any CPU
		{AD4A7DF4-F3D3-4009-8855-AF8657A78B81}.Release|x86.Build.0 = Release|Any CPU
	EndGlobalSection
	GlobalSection(SolutionProperties) = preSolution
		HideSolutionNode = FALSE
	EndGlobalSection
	GlobalSection(NestedProjects) = preSolution
		{8B290487-4C16-E85E-E807-F579CBE9FC4D} = {827E0CD3-B72D-47B6-A68D-7590B98EB39B}
		{7C39DF93-049B-4800-AEBD-EFEC310BDF4D} = {8B290487-4C16-E85E-E807-F579CBE9FC4D}
		{22BAF98C-8415-17C4-B26A-D537657BC863} = {827E0CD3-B72D-47B6-A68D-7590B98EB39B}
		{3752968D-AB9C-4AD4-9B40-07EA69828243} = {22BAF98C-8415-17C4-B26A-D537657BC863}
		{9048EB7F-3875-A59E-E36B-5BD4C6F2A282} = {827E0CD3-B72D-47B6-A68D-7590B98EB39B}
		{FC5FA290-BBA7-448C-BF58-B54FAA064DF5} = {9048EB7F-3875-A59E-E36B-5BD4C6F2A282}
		{6996BBF7-DB31-59BC-C7DD-9A7CCC6138C4} = {827E0CD3-B72D-47B6-A68D-7590B98EB39B}
		{425CB386-0CDE-42E4-92E3-F31186E26269} = {6996BBF7-DB31-59BC-C7DD-9A7CCC6138C4}
		{9B70D9E2-4904-4E6C-A19C-B025D3FF0079} = {0AB3BF05-4346-4AA6-1389-037BE0695223}
		{3605FCA0-FD8E-3467-2B0D-4D1A4AFA9E1B} = {827E0CD3-B72D-47B6-A68D-7590B98EB39B}
		{AD4A7DF4-F3D3-4009-8855-AF8657A78B81} = {3605FCA0-FD8E-3467-2B0D-4D1A4AFA9E1B}
	EndGlobalSection
EndGlobal
